github.com/certifi/gocertifi v0.0.0-20180905225744-ee1a9a0726d2 h1:MmeatFT1pTPSVb4nkPmBFN/LRZ97vPjsFKsZrU3KKTs=
github.com/certifi/gocertifi v0.0.0-20180905225744-ee1a9a0726d2/go.mod h1:GJKEexRPVJrBSOjoqN5VNOIKJ5Q3RViH6eu3puDRwx4=
github.com/davecgh/go-spew v1.1.1 h1:vj9j/u1bqnvCEfJOwUhtlOARqs3+rkHYY13jYWTU97c=
github.com/davecgh/go-spew v1.1.1/go.mod h1:J7Y8YcW2NihsgmVo/mv3lAwl/skON4iLHjSsI+c5H38=
github.com/getsentry/raven-go v0.0.0-20180903072508-084a9de9eb03 h1:G/9fPivTr5EiyqE9OlW65iMRUxFXMGRHgZFGo50uG8Q=
github.com/getsentry/raven-go v0.0.0-20180903072508-084a9de9eb03/go.mod h1:KungGk8q33+aIAZUIVWZDr2OfAEBsO49PX4NzFV5kcQ=
github.com/go-telegram-bot-api/telegram-bot-api/v5 v5.0.0-rc1 h1:Mr8jIV7wDfLw5Fw6BPupm0aduTFdLjhI3wFuIIZKvO4=
github.com/go-telegram-bot-api/telegram-bot-api/v5 v5.0.0-rc1/go.mod h1:2s/IzRcxCszyNh760IjJiqoYHTnifk8ZeNYL33z8Pww=
github.com/pkg/errors v0.8.0 h1:WdK/asTD0HN+q6hsWO3/vpuAkAr+tw6aNJNDFFf0+qw=
github.com/pkg/errors v0.8.0/go.mod h1:bwawxfHBFNV+L2hUp1rHADufV3IMtnDRdf1r5NINEl0=
github.com/pmezard/go-difflib v1.0.0 h1:4DBwDE0NGyQoBHbLQYPwSUPoCMWR5BEzIk/f1lZbAQM=
github.com/pmezard/go-difflib v1.0.0/go.mod h1:iKH77koFhYxTK1pcRnkKkqfTogsbg7gZNVY4sRDYZ/4=
github.com/stretchr/testify v1.2.2 h1:bSDNvY7ZPG5RlJ8otE/7V6gMiyenm9RtJ7IUVIAoJ1w=
github.com/stretchr/testify v1.2.2/go.mod h1:a8OnRcib4nhh0OaRAV+Yts87kKdq0PP7pXfy6kDkUVs=
github.com/technoweenie/multipartstreamer v1.0.1 h1:XRztA5MXiR1TIRHxH2uNxXxaIkKQDeX7m2XsSOlQEnM=
github.com/technoweenie/multipartstreamer v1.0.1/go.mod h1:jNVxdtShOxzAsukZwTSw6MDx5eUJoiEBsSvzDU9uzog=
